
Microsoft Visual Studio Solution File, Format Version 12.00
# Visual Studio Version 16
VisualStudioVersion = 16.0.31019.35
MinimumVisualStudioVersion = 10.0.40219.1
Project("{2150E333-8FDC-42A3-9474-1A3956D46DE8}") = "1.UI", "1.UI", "{CF74D373-B878-4F8E-951C-C1180659E6FC}"
EndProject
Project("{2150E333-8FDC-42A3-9474-1A3956D46DE8}") = "3.Repository", "3.Repository", "{649863CE-A494-455E-8CE1-059DECCA4714}"
EndProject
Project("{2150E333-8FDC-42A3-9474-1A3956D46DE8}") = "4.Entity", "4.Entity", "{955FA07D-072E-48E1-92A2-91CC78975CB4}"
EndProject
Project("{9A19103F-16F7-4668-BE54-9A1E7A4F7556}") = "CMSAdmin", "CMSAdmin\CMSAdmin.csproj", "{1695F7C8-0DE6-4495-A999-A3B2DFC98413}"
EndProject
Project("{2150E333-8FDC-42A3-9474-1A3956D46DE8}") = "6.SqlSugar", "6.SqlSugar", "{FCBF4124-8BF9-428C-BE1B-C67244EEE2A0}"
EndProject
Project("{9A19103F-16F7-4668-BE54-9A1E7A4F7556}") = "CMSCoreDB", "EFDatabase\CMSCoreDB.csproj", "{349D4FA0-7CF2-4BFE-8E9F-4E687109A0FD}"
EndProject
Project("{9A19103F-16F7-4668-BE54-9A1E7A4F7556}") = "Domain", "Domain\Domain.csproj", "{E1F3D6A4-F195-427F-B57F-053A99662E5E}"
EndProject
Project("{2150E333-8FDC-42A3-9474-1A3956D46DE8}") = "7.Common", "7.Common", "{D7D2BECB-F309-480F-8BD9-3ECFF0553085}"
EndProject
Project("{9A19103F-16F7-4668-BE54-9A1E7A4F7556}") = "Common", "Common\Common.csproj", "{3BE0678E-2DE6-4B65-BCAB-431DC55F43C7}"
EndProject
Project("{9A19103F-16F7-4668-BE54-9A1E7A4F7556}") = "CMSCore", "Repository\CMSCore.csproj", "{7564CA99-55FD-422C-A890-D08561033502}"
EndProject
Project("{FAE04EC0-301F-11D3-BF4B-00C04F79EFBC}") = "CMSAPI", "CMSAPI\CMSAPI.csproj", "{06B9B546-C3D3-4A1F-9B7A-6F771EB4B955}"
EndProject
Global
	GlobalSection(SolutionConfigurationPlatforms) = preSolution
		Debug|Any CPU = Debug|Any CPU
		Release|Any CPU = Release|Any CPU
	EndGlobalSection
	GlobalSection(ProjectConfigurationPlatforms) = postSolution
		{1695F7C8-0DE6-4495-A999-A3B2DFC98413}.Debug|Any CPU.ActiveCfg = Debug|Any CPU
		{1695F7C8-0DE6-4495-A999-A3B2DFC98413}.Debug|Any CPU.Build.0 = Debug|Any CPU
		{1695F7C8-0DE6-4495-A999-A3B2DFC98413}.Release|Any CPU.ActiveCfg = Release|Any CPU
		{1695F7C8-0DE6-4495-A999-A3B2DFC98413}.Release|Any CPU.Build.0 = Release|Any CPU
		{349D4FA0-7CF2-4BFE-8E9F-4E687109A0FD}.Debug|Any CPU.ActiveCfg = Debug|Any CPU
		{349D4FA0-7CF2-4BFE-8E9F-4E687109A0FD}.Debug|Any CPU.Build.0 = Debug|Any CPU
		{349D4FA0-7CF2-4BFE-8E9F-4E687109A0FD}.Release|Any CPU.ActiveCfg = Release|Any CPU
		{349D4FA0-7CF2-4BFE-8E9F-4E687109A0FD}.Release|Any CPU.Build.0 = Release|Any CPU
		{E1F3D6A4-F195-427F-B57F-053A99662E5E}.Debug|Any CPU.ActiveCfg = Debug|Any CPU
		{E1F3D6A4-F195-427F-B57F-053A99662E5E}.Debug|Any CPU.Build.0 = Debug|Any CPU
		{E1F3D6A4-F195-427F-B57F-053A99662E5E}.Release|Any CPU.ActiveCfg = Release|Any CPU
		{E1F3D6A4-F195-427F-B57F-053A99662E5E}.Release|Any CPU.Build.0 = Release|Any CPU
		{3BE0678E-2DE6-4B65-BCAB-431DC55F43C7}.Debug|Any CPU.ActiveCfg = Debug|Any CPU
		{3BE0678E-2DE6-4B65-BCAB-431DC55F43C7}.Debug|Any CPU.Build.0 = Debug|Any CPU
		{3BE0678E-2DE6-4B65-BCAB-431DC55F43C7}.Release|Any CPU.ActiveCfg = Release|Any CPU
		{3BE0678E-2DE6-4B65-BCAB-431DC55F43C7}.Release|Any CPU.Build.0 = Release|Any CPU
		{7564CA99-55FD-422C-A890-D08561033502}.Debug|Any CPU.ActiveCfg = Debug|Any CPU
		{7564CA99-55FD-422C-A890-D08561033502}.Debug|Any CPU.Build.0 = Debug|Any CPU
		{7564CA99-55FD-422C-A890-D08561033502}.Release|Any CPU.ActiveCfg = Release|Any CPU
		{7564CA99-55FD-422C-A890-D08561033502}.Release|Any CPU.Build.0 = Release|Any CPU
		{06B9B546-C3D3-4A1F-9B7A-6F771EB4B955}.Debug|Any CPU.ActiveCfg = Debug|Any CPU
		{06B9B546-C3D3-4A1F-9B7A-6F771EB4B955}.Debug|Any CPU.Build.0 = Debug|Any CPU
		{06B9B546-C3D3-4A1F-9B7A-6F771EB4B955}.Release|Any CPU.ActiveCfg = Release|Any CPU
		{06B9B546-C3D3-4A1F-9B7A-6F771EB4B955}.Release|Any CPU.Build.0 = Release|Any CPU
	EndGlobalSection
	GlobalSection(SolutionProperties) = preSolution
		HideSolutionNode = FALSE
	EndGlobalSection
	GlobalSection(NestedProjects) = preSolution
		{1695F7C8-0DE6-4495-A999-A3B2DFC98413} = {CF74D373-B878-4F8E-951C-C1180659E6FC}
		{349D4FA0-7CF2-4BFE-8E9F-4E687109A0FD} = {FCBF4124-8BF9-428C-BE1B-C67244EEE2A0}
		{E1F3D6A4-F195-427F-B57F-053A99662E5E} = {955FA07D-072E-48E1-92A2-91CC78975CB4}
		{3BE0678E-2DE6-4B65-BCAB-431DC55F43C7} = {D7D2BECB-F309-480F-8BD9-3ECFF0553085}
		{7564CA99-55FD-422C-A890-D08561033502} = {649863CE-A494-455E-8CE1-059DECCA4714}
		{06B9B546-C3D3-4A1F-9B7A-6F771EB4B955} = {CF74D373-B878-4F8E-951C-C1180659E6FC}
	EndGlobalSection
	GlobalSection(ExtensibilityGlobals) = postSolution
		SolutionGuid = {B7A30E55-E95F-44C6-BB6F-1FF8D9277E12}
	EndGlobalSection
EndGlobal
